// !$*UTF8*$!
{
	archiveVersion = 1;
	classes = {
	};
	objectVersion = 50;
	objects = {

/* Begin PBXBuildFile section */
		171A87A7253DB89500431DEE /* PreProcessor.m in Sources */ = {isa = PBXBuildFile; fileRef = 171A87A6253DB89500431DEE /* PreProcessor.m */; };
		17B30B5E252C3D7A00431DEE /* main.m in Sources */ = {isa = PBXBuildFile; fileRef = 17B30B5D252C3D7A00431DEE /* main.m */; };
		17B30B69252C497300431DEE /* Lexer.m in Sources */ = {isa = PBXBuildFile; fileRef = 17B30B68252C497300431DEE /* Lexer.m */; };
/* End PBXBuildFile section */

/* Begin PBXCopyFilesBuildPhase section */
		17B30B58252C3D7A00431DEE /* CopyFiles */ = {
			isa = PBXCopyFilesBuildPhase;
			buildActionMask = 2147483647;
			dstPath = /usr/share/man/man1/;
			dstSubfolderSpec = 0;
			files = (
			);
			runOnlyForDeploymentPostprocessing = 1;
		};
/* End PBXCopyFilesBuildPhase section */

/* Begin PBXFileReference section */
		171A87A5253DB89500431DEE /* PreProcessor.h */ = {isa = PBXFileReference; lastKnownFileType = sourcecode.c.h; path = PreProcessor.h; sourceTree = "<group>"; };
		171A87A6253DB89500431DEE /* PreProcessor.m */ = {isa = PBXFileReference; lastKnownFileType = sourcecode.c.objc; path = PreProcessor.m; sourceTree = "<group>"; };
		17B30B5A252C3D7A00431DEE /* ocmat */ = {isa = PBXFileReference; explicitFileType = "compiled.mach-o.executable"; includeInIndex = 0; path = ocmat; sourceTree = BUILT_PRODUCTS_DIR; };
		17B30B5D252C3D7A00431DEE /* main.m */ = {isa = PBXFileReference; lastKnownFileType = sourcecode.c.objc; path = main.m; sourceTree = "<group>"; };
		17B30B67252C497300431DEE /* Lexer.h */ = {isa = PBXFileReference; lastKnownFileType = sourcecode.c.h; path = Lexer.h; sourceTree = "<group>"; };
		17B30B68252C497300431DEE /* Lexer.m */ = {isa = PBXFileReference; lastKnownFileType = sourcecode.c.objc; path = Lexer.m; sourceTree = "<group>"; };
/* End PBXFileReference section */

/* Begin PBXFrameworksBuildPhase section */
		17B30B57252C3D7A00431DEE /* Frameworks */ = {
			isa = PBXFrameworksBuildPhase;
			buildActionMask = 2147483647;
			files = (
			);
			runOnlyForDeploymentPostprocessing = 0;
		};
/* End PBXFrameworksBuildPhase section */

/* Begin PBXGroup section */
		171A87A0253DB85100431DEE /* PreProcessor */ = {
			isa = PBXGroup;
			children = (
				171A87A5253DB89500431DEE /* PreProcessor.h */,
				171A87A6253DB89500431DEE /* PreProcessor.m */,
			);
			path = PreProcessor;
			sourceTree = "<group>";
		};
		17B30B51252C3D7A00431DEE = {
			isa = PBXGroup;
			children = (
				17B30B5C252C3D7A00431DEE /* OCMAT */,
				17B30B5B252C3D7A00431DEE /* Products */,
			);
			sourceTree = "<group>";
		};
		17B30B5B252C3D7A00431DEE /* Products */ = {
			isa = PBXGroup;
			children = (
				17B30B5A252C3D7A00431DEE /* ocmat */,
			);
			name = Products;
			sourceTree = "<group>";
		};
		17B30B5C252C3D7A00431DEE /* OCMAT */ = {
			isa = PBXGroup;
			children = (
				17B30B5D252C3D7A00431DEE /* main.m */,
				171A87A0253DB85100431DEE /* PreProcessor */,
				17B30B66252C493E00431DEE /* Lexer */,
			);
			path = OCMAT;
			sourceTree = "<group>";
		};
		17B30B66252C493E00431DEE /* Lexer */ = {
			isa = PBXGroup;
			children = (
				17B30B67252C497300431DEE /* Lexer.h */,
				17B30B68252C497300431DEE /* Lexer.m */,
			);
			path = Lexer;
			sourceTree = "<group>";
		};
/* End PBXGroup section */

/* Begin PBXNativeTarget section */
		17B30B59252C3D7A00431DEE /* OCMAT */ = {
			isa = PBXNativeTarget;
			buildConfigurationList = 17B30B61252C3D7A00431DEE /* Build configuration list for PBXNativeTarget "OCMAT" */;
			buildPhases = (
				17B30B56252C3D7A00431DEE /* Sources */,
				17B30B57252C3D7A00431DEE /* Frameworks */,
				17B30B58252C3D7A00431DEE /* CopyFiles */,
			);
			buildRules = (
			);
			dependencies = (
			);
			name = OCMAT;
			productName = OCMAT;
			productReference = 17B30B5A252C3D7A00431DEE /* ocmat */;
			productType = "com.apple.product-type.tool";
		};
/* End PBXNativeTarget section */

/* Begin PBXProject section */
		17B30B52252C3D7A00431DEE /* Project object */ = {
			isa = PBXProject;
			attributes = {
				LastUpgradeCheck = 1200;
				TargetAttributes = {
					17B30B59252C3D7A00431DEE = {
						CreatedOnToolsVersion = 12.0.1;
					};
				};
			};
			buildConfigurationList = 17B30B55252C3D7A00431DEE /* Build configuration list for PBXProject "OCMAT" */;
			compatibilityVersion = "Xcode 9.3";
			developmentRegion = en;
			hasScannedForEncodings = 0;
			knownRegions = (
				en,
				Base,
			);
			mainGroup = 17B30B51252C3D7A00431DEE;
			productRefGroup = 17B30B5B252C3D7A00431DEE /* Products */;
			projectDirPath = "";
			projectRoot = "";
			targets = (
				17B30B59252C3D7A00431DEE /* OCMAT */,
			);
		};
/* End PBXProject section */

/* Begin PBXSourcesBuildPhase section */
		17B30B56252C3D7A00431DEE /* Sources */ = {
			isa = PBXSourcesBuildPhase;
			buildActionMask = 2147483647;
			files = (
				171A87A7253DB89500431DEE /* PreProcessor.m in Sources */,
				17B30B69252C497300431DEE /* Lexer.m in Sources */,
				17B30B5E252C3D7A00431DEE /* main.m in Sources */,
			);
			runOnlyForDeploymentPostprocessing = 0;
		};
/* End PBXSourcesBuildPhase section */

/* Begin XCBuildConfiguration section */
		17B30B5F252C3D7A00431DEE /* Debug */ = {
			isa = XCBuildConfiguration;
			buildSettings = {
				ALWAYS_SEARCH_USER_PATHS = NO;
				CLANG_ANALYZER_NONNULL = YES;
				CLANG_ANALYZER_NUMBER_OBJECT_CONVERSION = YES_AGGRESSIVE;
				CLANG_CXX_LANGUAGE_STANDARD = "gnu++14";
				CLANG_CXX_LIBRARY = "libc++";
				CLANG_ENABLE_MODULES = YES;
				CLANG_ENABLE_OBJC_ARC = YES;
				CLANG_ENABLE_OBJC_WEAK = YES;
				CLANG_WARN_BLOCK_CAPTURE_AUTORELEASING = YES;
				CLANG_WARN_BOOL_CONVERSION = YES;
				CLANG_WARN_COMMA = YES;
				CLANG_WARN_CONSTANT_CONVERSION = YES;
				CLANG_WARN_DEPRECATED_OBJC_IMPLEMENTATIONS = YES;
				CLANG_WARN_DIRECT_OBJC_ISA_USAGE = YES_ERROR;
				CLANG_WARN_DOCUMENTATION_COMMENTS = YES;
				CLANG_WARN_EMPTY_BODY = YES;
				CLANG_WARN_ENUM_CONVERSION = YES;
				CLANG_WARN_INFINITE_RECURSION = YES;
				CLANG_WARN_INT_CONVERSION = YES;
				CLANG_WARN_NON_LITERAL_NULL_CONVERSION = YES;
				CLANG_WARN_OBJC_IMPLICIT_RETAIN_SELF = YES;
				CLANG_WARN_OBJC_LITERAL_CONVERSION = YES;
				CLANG_WARN_OBJC_ROOT_CLASS = YES_ERROR;
				CLANG_WARN_QUOTED_INCLUDE_IN_FRAMEWORK_HEADER = YES;
				CLANG_WARN_RANGE_LOOP_ANALYSIS = YES;
				CLANG_WARN_STRICT_PROTOTYPES = YES;
				CLANG_WARN_SUSPICIOUS_MOVE = YES;
				CLANG_WARN_UNGUARDED_AVAILABILITY = YES_AGGRESSIVE;
				CLANG_WARN_UNREACHABLE_CODE = YES;
				CLANG_WARN__DUPLICATE_METHOD_MATCH = YES;
				COPY_PHASE_STRIP = NO;
				DEBUG_INFORMATION_FORMAT = dwarf;
				ENABLE_STRICT_OBJC_MSGSEND = YES;
				ENABLE_TESTABILITY = YES;
				GCC_C_LANGUAGE_STANDARD = gnu11;
				GCC_DYNAMIC_NO_PIC = NO;
				GCC_NO_COMMON_BLOCKS = YES;
				GCC_OPTIMIZATION_LEVEL = 0;
				GCC_PREPROCESSOR_DEFINITIONS = (
					"DEBUG=1",
					"$(inherited)",
				);
				GCC_WARN_64_TO_32_BIT_CONVERSION = YES;
				GCC_WARN_ABOUT_RETURN_TYPE = YES_ERROR;
				GCC_WARN_UNDECLARED_SELECTOR = YES;
				GCC_WARN_UNINITIALIZED_AUTOS = YES_AGGRESSIVE;
				GCC_WARN_UNUSED_FUNCTION = YES;
				GCC_WARN_UNUSED_VARIABLE = YES;
				MACOSX_DEPLOYMENT_TARGET = 10.15;
				MTL_ENABLE_DEBUG_INFO = INCLUDE_SOURCE;
				MTL_FAST_MATH = YES;
				ONLY_ACTIVE_ARCH = YES;
				SDKROOT = macosx;
			};
			name = Debug;
		};
		17B30B60252C3D7A00431DEE /* Release */ = {
			isa = XCBuildConfiguration;
			buildSettings = {
				ALWAYS_SEARCH_USER_PATHS = NO;
				CLANG_ANALYZER_NONNULL = YES;
				CLANG_ANALYZER_NUMBER_OBJECT_CONVERSION = YES_AGGRESSIVE;
				CLANG_CXX_LANGUAGE_STANDARD = "gnu++14";
				CLANG_CXX_LIBRARY = "libc++";
				CLANG_ENABLE_MODULES = YES;
				CLANG_ENABLE_OBJC_ARC = YES;
				CLANG_ENABLE_OBJC_WEAK = YES;
				CLANG_WARN_BLOCK_CAPTURE_AUTORELEASING = YES;
				CLANG_WARN_BOOL_CONVERSION = YES;
				CLANG_WARN_COMMA = YES;
				CLANG_WARN_CONSTANT_CONVERSION = YES;
				CLANG_WARN_DEPRECATED_OBJC_IMPLEMENTATIONS = YES;
				CLANG_WARN_DIRECT_OBJC_ISA_USAGE = YES_ERROR;
				CLANG_WARN_DOCUMENTATION_COMMENTS = YES;
				CLANG_WARN_EMPTY_BODY = YES;
				CLANG_WARN_ENUM_CONVERSION = YES;
				CLANG_WARN_INFINITE_RECURSION = YES;
				CLANG_WARN_INT_CONVERSION = YES;
				CLANG_WARN_NON_LITERAL_NULL_CONVERSION = YES;
				CLANG_WARN_OBJC_IMPLICIT_RETAIN_SELF = YES;
				CLANG_WARN_OBJC_LITERAL_CONVERSION = YES;
				CLANG_WARN_OBJC_ROOT_CLASS = YES_ERROR;
				CLANG_WARN_QUOTED_INCLUDE_IN_FRAMEWORK_HEADER = YES;
				CLANG_WARN_RANGE_LOOP_ANALYSIS = YES;
				CLANG_WARN_STRICT_PROTOTYPES = YES;
				CLANG_WARN_SUSPICIOUS_MOVE = YES;
				CLANG_WARN_UNGUARDED_AVAILABILITY = YES_AGGRESSIVE;
				CLANG_WARN_UNREACHABLE_CODE = YES;
				CLANG_WARN__DUPLICATE_METHOD_MATCH = YES;
				COPY_PHASE_STRIP = NO;
				DEBUG_INFORMATION_FORMAT = "dwarf-with-dsym";
				ENABLE_NS_ASSERTIONS = NO;
				ENABLE_STRICT_OBJC_MSGSEND = YES;
				GCC_C_LANGUAGE_STANDARD = gnu11;
				GCC_NO_COMMON_BLOCKS = YES;
				GCC_WARN_64_TO_32_BIT_CONVERSION = YES;
				GCC_WARN_ABOUT_RETURN_TYPE = YES_ERROR;
				GCC_WARN_UNDECLARED_SELECTOR = YES;
				GCC_WARN_UNINITIALIZED_AUTOS = YES_AGGRESSIVE;
				GCC_WARN_UNUSED_FUNCTION = YES;
				GCC_WARN_UNUSED_VARIABLE = YES;
				MACOSX_DEPLOYMENT_TARGET = 10.15;
				MTL_ENABLE_DEBUG_INFO = NO;
				MTL_FAST_MATH = YES;
				SDKROOT = macosx;
			};
			name = Release;
		};
		17B30B62252C3D7A00431DEE /* Debug */ = {
			isa = XCBuildConfiguration;
			buildSettings = {
				CODE_SIGN_STYLE = Automatic;
				PRODUCT_NAME = ocmat;
				SDKROOT = macosx;
			};
			name = Debug;
		};
		17B30B63252C3D7A00431DEE /* Release */ = {
			isa = XCBuildConfiguration;
			buildSettings = {
				CODE_SIGN_STYLE = Automatic;
				PRODUCT_NAME = ocmat;
				SDKROOT = macosx;
			};
			name = Release;
		};
/* End XCBuildConfiguration section */

/* Begin XCConfigurationList section */
		17B30B55252C3D7A00431DEE /* Build configuration list for PBXProject "OCMAT" */ = {
			isa = XCConfigurationList;
			buildConfigurations = (
				17B30B5F252C3D7A00431DEE /* Debug */,
				17B30B60252C3D7A00431DEE /* Release */,
			);
			defaultConfigurationIsVisible = 0;
			defaultConfigurationName = Release;
		};
		17B30B61252C3D7A00431DEE /* Build configuration list for PBXNativeTarget "OCMAT" */ = {
			isa = XCConfigurationList;
			buildConfigurations = (
				17B30B62252C3D7A00431DEE /* Debug */,
				17B30B63252C3D7A00431DEE /* Release */,
			);
			defaultConfigurationIsVisible = 0;
			defaultConfigurationName = Release;
		};
/* End XCConfigurationList section */
	};
	rootObject = 17B30B52252C3D7A00431DEE /* Project object */;
}
